# THIS IS AN AUTOGENERATED FILE. DO NOT EDIT THIS FILE DIRECTLY.
# yarn lockfile v1


plantuml-encoder@^1.2.5:
  version "1.4.0"
  resolved "https://registry.yarnpkg.com/plantuml-encoder/-/plantuml-encoder-1.4.0.tgz#7899302cf785de956bf1a167e15420feee5975f7"
  integrity sha512-sxMwpDw/ySY1WB2CE3+IdMuEcWibJ72DDOsXLkSmEaSzwEUaYBT6DWgOfBiHGCux4q433X6+OEFWjlVqp7gL6g==

remarkable-plantuml@^1.1.0:
  version "1.1.0"
  resolved "https://registry.yarnpkg.com/remarkable-plantuml/-/remarkable-plantuml-1.1.0.tgz#e5ae149ff5b2df034d964fd0b7fb4dfc48265c51"
  integrity sha512-zQW0VXnUuvQHwEAfEMr1OEmLSyXbjlHNlqGhYkaaRmhQYDyUKtgHQakbmPL56JOL6BdbbiAiFY8K98kIZzwByQ==
  dependencies:
    plantuml-encoder "^1.2.5"
